
Microsoft Visual Studio Solution File, Format Version 12.00
# Visual Studio Version 17
VisualStudioVersion = 17.11.35327.3
MinimumVisualStudioVersion = 10.0.40219.1
Project("{FAE04EC0-301F-11D3-BF4B-00C04F79EFBC}") = "aula03", "aula03.csproj", "{D0741FBA-64D1-4FCA-B880-2A6C2C092503}"
EndProject
Global
	GlobalSection(SolutionConfigurationPlatforms) = preSolution
		Debug|Any CPU = Debug|Any CPU
		Release|Any CPU = Release|Any CPU
	EndGlobalSection
	GlobalSection(ProjectConfigurationPlatforms) = postSolution
		{D0741FBA-64D1-4FCA-B880-2A6C2C092503}.Debug|Any CPU.ActiveCfg = Debug|Any CPU
		{D0741FBA-64D1-4FCA-B880-2A6C2C092503}.Debug|Any CPU.Build.0 = Debug|Any CPU
		{D0741FBA-64D1-4FCA-B880-2A6C2C092503}.Release|Any CPU.ActiveCfg = Release|Any CPU
		{D0741FBA-64D1-4FCA-B880-2A6C2C092503}.Release|Any CPU.Build.0 = Release|Any CPU
	EndGlobalSection
	GlobalSection(SolutionProperties) = preSolution
		HideSolutionNode = FALSE
	EndGlobalSection
	GlobalSection(ExtensibilityGlobals) = postSolution
		SolutionGuid = {FAC0E5EE-A3CE-4CD6-A40E-95DEAAC3A44A}
	EndGlobalSection
EndGlobal
